
Microsoft Visual Studio Solution File, Format Version 11.00
# Visual Studio 2010
Project("{FAE04EC0-301F-11D3-BF4B-00C04F79EFBC}") = "Scene2", "Assembly-CSharp.csproj", "{FB8738A5-CD29-5488-2F2F-4D2AE6873A8C}"
EndProject
Global
	GlobalSection(SolutionConfigurationPlatforms) = preSolution
		Debug|Any CPU = Debug|Any CPU
		Release|Any CPU = Release|Any CPU
	EndGlobalSection
	GlobalSection(ProjectConfigurationPlatforms) = postSolution
		{FB8738A5-CD29-5488-2F2F-4D2AE6873A8C}.Debug|Any CPU.ActiveCfg = Debug|Any CPU
		{FB8738A5-CD29-5488-2F2F-4D2AE6873A8C}.Debug|Any CPU.Build.0 = Debug|Any CPU
		{FB8738A5-CD29-5488-2F2F-4D2AE6873A8C}.Release|Any CPU.ActiveCfg = Release|Any CPU
		{FB8738A5-CD29-5488-2F2F-4D2AE6873A8C}.Release|Any CPU.Build.0 = Release|Any CPU
	EndGlobalSection
	GlobalSection(SolutionProperties) = preSolution
		HideSolutionNode = FALSE
	EndGlobalSection
	GlobalSection(MonoDevelopProperties) = preSolution
		StartupItem = Assembly-CSharp.csproj
	EndGlobalSection
EndGlobal
